
Microsoft Visual Studio Solution File, Format Version 12.00
# Visual Studio Version 17
VisualStudioVersion = 17.10.35013.160
MinimumVisualStudioVersion = 10.0.40219.1
Project("{9A19103F-16F7-4668-BE54-9A1E7A4F7556}") = "ServerAPI", "ServerAPI.csproj", "{4FD1CE1A-0699-4A41-959C-6F9D95317F29}"
EndProject
Global
	GlobalSection(SolutionConfigurationPlatforms) = preSolution
		Debug|Any CPU = Debug|Any CPU
		Release|Any CPU = Release|Any CPU
	EndGlobalSection
	GlobalSection(ProjectConfigurationPlatforms) = postSolution
		{4FD1CE1A-0699-4A41-959C-6F9D95317F29}.Debug|Any CPU.ActiveCfg = Debug|Any CPU
		{4FD1CE1A-0699-4A41-959C-6F9D95317F29}.Debug|Any CPU.Build.0 = Debug|Any CPU
		{4FD1CE1A-0699-4A41-959C-6F9D95317F29}.Release|Any CPU.ActiveCfg = Release|Any CPU
		{4FD1CE1A-0699-4A41-959C-6F9D95317F29}.Release|Any CPU.Build.0 = Release|Any CPU
	EndGlobalSection
	GlobalSection(SolutionProperties) = preSolution
		HideSolutionNode = FALSE
	EndGlobalSection
	GlobalSection(ExtensibilityGlobals) = postSolution
		SolutionGuid = {5D5EC6F1-15D2-48FD-880F-9F0AF50BB4D4}
	EndGlobalSection
EndGlobal
